
Microsoft Visual Studio Solution File, Format Version 12.00
# Visual Studio Version 16
VisualStudioVersion = 25.0.1704.0
MinimumVisualStudioVersion = 10.0.40219.1
Project("{FAE04EC0-301F-11D3-BF4B-00C04F79EFBC}") = "WorldChampionship", "WorldChampionship.csproj", "{AFCDF51D-6A96-4BCE-A21E-ED95D801E131}"
EndProject
Global
	GlobalSection(SolutionConfigurationPlatforms) = preSolution
		Debug|Any CPU = Debug|Any CPU
		Release|Any CPU = Release|Any CPU
	EndGlobalSection
	GlobalSection(ProjectConfigurationPlatforms) = postSolution
		{AFCDF51D-6A96-4BCE-A21E-ED95D801E131}.Debug|Any CPU.ActiveCfg = Debug|Any CPU
		{AFCDF51D-6A96-4BCE-A21E-ED95D801E131}.Debug|Any CPU.Build.0 = Debug|Any CPU
		{AFCDF51D-6A96-4BCE-A21E-ED95D801E131}.Release|Any CPU.ActiveCfg = Release|Any CPU
		{AFCDF51D-6A96-4BCE-A21E-ED95D801E131}.Release|Any CPU.Build.0 = Release|Any CPU
	EndGlobalSection
	GlobalSection(SolutionProperties) = preSolution
		HideSolutionNode = FALSE
	EndGlobalSection
	GlobalSection(ExtensibilityGlobals) = postSolution
		SolutionGuid = {0FCDD58F-E9E8-4288-A0B3-09B32AC6FA62}
	EndGlobalSection
EndGlobal
